
Microsoft Visual Studio Solution File, Format Version 12.00
Project("{FAE04EC0-301F-11D3-BF4B-00C04F79EFBC}") = "WebApplication", "WebApplication\WebApplication.csproj", "{75EC21E4-75C4-443E-AE8F-204A53AE037F}"
EndProject
Global
	GlobalSection(SolutionConfigurationPlatforms) = preSolution
		Debug|Any CPU = Debug|Any CPU
		Release|Any CPU = Release|Any CPU
	EndGlobalSection
	GlobalSection(ProjectConfigurationPlatforms) = postSolution
		{75EC21E4-75C4-443E-AE8F-204A53AE037F}.Debug|Any CPU.ActiveCfg = Debug|Any CPU
		{75EC21E4-75C4-443E-AE8F-204A53AE037F}.Debug|Any CPU.Build.0 = Debug|Any CPU
		{75EC21E4-75C4-443E-AE8F-204A53AE037F}.Release|Any CPU.ActiveCfg = Release|Any CPU
		{75EC21E4-75C4-443E-AE8F-204A53AE037F}.Release|Any CPU.Build.0 = Release|Any CPU
	EndGlobalSection
EndGlobal
